// !$*UTF8*$!
{
	archiveVersion = 1;
	classes = {
	};
	objectVersion = 46;
	objects = {

/* Begin PBXBuildFile section */
		5D42C7561553392D00B2783B /* Twitter.framework in Frameworks */ = {isa = PBXBuildFile; fileRef = 5D42C7551553392D00B2783B /* Twitter.framework */; };
		5D42C75915533B0000B2783B /* MessageUI.framework in Frameworks */ = {isa = PBXBuildFile; fileRef = 5D42C75815533B0000B2783B /* MessageUI.framework */; };
		5D42C75D15533C9600B2783B /* EvenementDetailViewControllerViewController.m in Sources */ = {isa = PBXBuildFile; fileRef = 5D42C75B15533C9600B2783B /* EvenementDetailViewControllerViewController.m */; };
		5D42C75E15533C9600B2783B /* EvenementDetailViewControllerViewController.xib in Resources */ = {isa = PBXBuildFile; fileRef = 5D42C75C15533C9600B2783B /* EvenementDetailViewControllerViewController.xib */; };
		5D5D3A2A15500098001E3E5D /* UIKit.framework in Frameworks */ = {isa = PBXBuildFile; fileRef = 5D5D3A2915500098001E3E5D /* UIKit.framework */; };
		5D5D3A2C15500098001E3E5D /* Foundation.framework in Frameworks */ = {isa = PBXBuildFile; fileRef = 5D5D3A2B15500098001E3E5D /* Foundation.framework */; };
		5D5D3A2E15500098001E3E5D /* CoreGraphics.framework in Frameworks */ = {isa = PBXBuildFile; fileRef = 5D5D3A2D15500098001E3E5D /* CoreGraphics.framework */; };
		5D5D3A3615500098001E3E5D /* main.m in Sources */ = {isa = PBXBuildFile; fileRef = 5D5D3A3515500098001E3E5D /* main.m */; };
		5D5D3A3A15500098001E3E5D /* AppDelegate.m in Sources */ = {isa = PBXBuildFile; fileRef = 5D5D3A3915500098001E3E5D /* AppDelegate.m */; };
		5D5D3A6515500183001E3E5D /* InfoPlist.strings in Resources */ = {isa = PBXBuildFile; fileRef = 5D5D3A6015500182001E3E5D /* InfoPlist.strings */; };
		5D5D3A721550078F001E3E5D /* HomeButton.png in Resources */ = {isa = PBXBuildFile; fileRef = 5D5D3A711550078F001E3E5D /* HomeButton.png */; };
		5D5D3A7C15500B10001E3E5D /* TabBarController.m in Sources */ = {isa = PBXBuildFile; fileRef = 5D5D3A7B15500B10001E3E5D /* TabBarController.m */; };
		5D5D3A9015501CFC001E3E5D /* HomeViewController.m in Sources */ = {isa = PBXBuildFile; fileRef = 5D5D3A8E15501CFC001E3E5D /* HomeViewController.m */; };
		5D5D3A9115501CFC001E3E5D /* HomeViewController.xib in Resources */ = {isa = PBXBuildFile; fileRef = 5D5D3A8F15501CFC001E3E5D /* HomeViewController.xib */; };
		5D5D3A9715501D53001E3E5D /* RSS.png in Resources */ = {isa = PBXBuildFile; fileRef = 5D5D3A9415501D53001E3E5D /* RSS.png */; };
		5D5D3A9915501DB5001E3E5D /* LaCNR.png in Resources */ = {isa = PBXBuildFile; fileRef = 5D5D3A9815501DB5001E3E5D /* LaCNR.png */; };
		5D5D3A9B1550252E001E3E5D /* HomeButton@2x.png in Resources */ = {isa = PBXBuildFile; fileRef = 5D5D3A9A1550252E001E3E5D /* HomeButton@2x.png */; };
		5D5D3A9E15502D2B001E3E5D /* ActualiteViewController.m in Sources */ = {isa = PBXBuildFile; fileRef = 5D5D3A9D15502D2B001E3E5D /* ActualiteViewController.m */; };
		5D5D3AA015502E17001E3E5D /* RSS@2x.png in Resources */ = {isa = PBXBuildFile; fileRef = 5D5D3A9F15502E17001E3E5D /* RSS@2x.png */; };
		5D5D3AB1155050F8001E3E5D /* ProgramationViewController.m in Sources */ = {isa = PBXBuildFile; fileRef = 5D5D3AB0155050F8001E3E5D /* ProgramationViewController.m */; };
		5D5D3AC915506CA9001E3E5D /* programation.png in Resources */ = {isa = PBXBuildFile; fileRef = 5D5D3AC515506CA9001E3E5D /* programation.png */; };
		5D5D3ACD15506FC1001E3E5D /* PresentationViewController.m in Sources */ = {isa = PBXBuildFile; fileRef = 5D5D3ACC15506FC0001E3E5D /* PresentationViewController.m */; };
		5D5D3AD01550723C001E3E5D /* Presentation.png in Resources */ = {isa = PBXBuildFile; fileRef = 5D5D3ACE1550723C001E3E5D /* Presentation.png */; };
		5D5D3AD11550723C001E3E5D /* Presentation@2x.png in Resources */ = {isa = PBXBuildFile; fileRef = 5D5D3ACF1550723C001E3E5D /* Presentation@2x.png */; };
		5D5D3AD415507D6B001E3E5D /* facebook-logo.png in Resources */ = {isa = PBXBuildFile; fileRef = 5D5D3AD215507D6B001E3E5D /* facebook-logo.png */; };
		5D5D3AD515507D6B001E3E5D /* twitter-logo.jpg in Resources */ = {isa = PBXBuildFile; fileRef = 5D5D3AD315507D6B001E3E5D /* twitter-logo.jpg */; };
		5D5D3AD8155084F7001E3E5D /* BGTabBar.png in Resources */ = {isa = PBXBuildFile; fileRef = 5D5D3AD6155084F7001E3E5D /* BGTabBar.png */; };
		5D5D3AD9155084F7001E3E5D /* BGTabBar@2x.png in Resources */ = {isa = PBXBuildFile; fileRef = 5D5D3AD7155084F7001E3E5D /* BGTabBar@2x.png */; };
		5DE7911115511D5900A181BD /* presentation.html in Resources */ = {isa = PBXBuildFile; fileRef = 5DE7911015511D5900A181BD /* presentation.html */; };
		5DE7911F15512BB100A181BD /* logo_atalante.png in Resources */ = {isa = PBXBuildFile; fileRef = 5DE7911615512BB100A181BD /* logo_atalante.png */; };
		5DE7912015512BB100A181BD /* logo_Bug.png in Resources */ = {isa = PBXBuildFile; fileRef = 5DE7911715512BB100A181BD /* logo_Bug.png */; };
		5DE7912115512BB100A181BD /* logo_ESC.png in Resources */ = {isa = PBXBuildFile; fileRef = 5DE7911815512BB100A181BD /* logo_ESC.png */; };
		5DE7912215512BB100A181BD /* logo_Granit.png in Resources */ = {isa = PBXBuildFile; fileRef = 5DE7911915512BB100A181BD /* logo_Granit.png */; };
		5DE7912315512BB100A181BD /* logo_ir.png in Resources */ = {isa = PBXBuildFile; fileRef = 5DE7911A15512BB100A181BD /* logo_ir.png */; };
		5DE7912415512BB100A181BD /* logo_marsouin.png in Resources */ = {isa = PBXBuildFile; fileRef = 5DE7911B15512BB100A181BD /* logo_marsouin.png */; };
		5DE7912515512BB100A181BD /* logo_Meito.png in Resources */ = {isa = PBXBuildFile; fileRef = 5DE7911C15512BB100A181BD /* logo_Meito.png */; };
		5DE7912615512BB100A181BD /* logo_saga.png in Resources */ = {isa = PBXBuildFile; fileRef = 5DE7911D15512BB100A181BD /* logo_saga.png */; };
		5DE7912715512BB100A181BD /* logo_web2rennes.png in Resources */ = {isa = PBXBuildFile; fileRef = 5DE7911E15512BB100A181BD /* logo_web2rennes.png */; };
		5DE791291551352900A181BD /* programation@2x.png in Resources */ = {isa = PBXBuildFile; fileRef = 5DE791281551352900A181BD /* programation@2x.png */; };
		5DE7912F15513A5400A181BD /* ArticleDetailViewController.m in Sources */ = {isa = PBXBuildFile; fileRef = 5DE7912D15513A5400A181BD /* ArticleDetailViewController.m */; };
		5DE7913015513A5400A181BD /* ArticleDetailViewController.xib in Resources */ = {isa = PBXBuildFile; fileRef = 5DE7912E15513A5400A181BD /* ArticleDetailViewController.xib */; };
		5DE7913315513EDB00A181BD /* NavigationController.m in Sources */ = {isa = PBXBuildFile; fileRef = 5DE7913215513EDB00A181BD /* NavigationController.m */; };
		5DE791361551487800A181BD /* NavigationBar.m in Sources */ = {isa = PBXBuildFile; fileRef = 5DE791351551487800A181BD /* NavigationBar.m */; };
		7A7033091550803C00804C31 /* Event.m in Sources */ = {isa = PBXBuildFile; fileRef = 7A7033061550803C00804C31 /* Event.m */; };
		7A70330A1550803C00804C31 /* EventRepository.m in Sources */ = {isa = PBXBuildFile; fileRef = 7A7033081550803C00804C31 /* EventRepository.m */; };
/* End PBXBuildFile section */

/* Begin PBXFileReference section */
		5D42C7551553392D00B2783B /* Twitter.framework */ = {isa = PBXFileReference; lastKnownFileType = wrapper.framework; name = Twitter.framework; path = System/Library/Frameworks/Twitter.framework; sourceTree = SDKROOT; };
		5D42C75815533B0000B2783B /* MessageUI.framework */ = {isa = PBXFileReference; lastKnownFileType = wrapper.framework; name = MessageUI.framework; path = System/Library/Frameworks/MessageUI.framework; sourceTree = SDKROOT; };
		5D42C75A15533C9600B2783B /* EvenementDetailViewControllerViewController.h */ = {isa = PBXFileReference; fileEncoding = 4; lastKnownFileType = sourcecode.c.h; path = EvenementDetailViewControllerViewController.h; sourceTree = "<group>"; };
		5D42C75B15533C9600B2783B /* EvenementDetailViewControllerViewController.m */ = {isa = PBXFileReference; fileEncoding = 4; lastKnownFileType = sourcecode.c.objc; path = EvenementDetailViewControllerViewController.m; sourceTree = "<group>"; };
		5D42C75C15533C9600B2783B /* EvenementDetailViewControllerViewController.xib */ = {isa = PBXFileReference; fileEncoding = 4; lastKnownFileType = file.xib; path = EvenementDetailViewControllerViewController.xib; sourceTree = "<group>"; };
		5D5D3A2515500098001E3E5D /* CNR.app */ = {isa = PBXFileReference; explicitFileType = wrapper.application; includeInIndex = 0; path = CNR.app; sourceTree = BUILT_PRODUCTS_DIR; };
		5D5D3A2915500098001E3E5D /* UIKit.framework */ = {isa = PBXFileReference; lastKnownFileType = wrapper.framework; name = UIKit.framework; path = System/Library/Frameworks/UIKit.framework; sourceTree = SDKROOT; };
		5D5D3A2B15500098001E3E5D /* Foundation.framework */ = {isa = PBXFileReference; lastKnownFileType = wrapper.framework; name = Foundation.framework; path = System/Library/Frameworks/Foundation.framework; sourceTree = SDKROOT; };
		5D5D3A2D15500098001E3E5D /* CoreGraphics.framework */ = {isa = PBXFileReference; lastKnownFileType = wrapper.framework; name = CoreGraphics.framework; path = System/Library/Frameworks/CoreGraphics.framework; sourceTree = SDKROOT; };
		5D5D3A3115500098001E3E5D /* CNR-Info.plist */ = {isa = PBXFileReference; lastKnownFileType = text.plist.xml; path = "CNR-Info.plist"; sourceTree = "<group>"; };
		5D5D3A3515500098001E3E5D /* main.m */ = {isa = PBXFileReference; lastKnownFileType = sourcecode.c.objc; path = main.m; sourceTree = "<group>"; };
		5D5D3A3715500098001E3E5D /* CNR-Prefix.pch */ = {isa = PBXFileReference; lastKnownFileType = sourcecode.c.h; path = "CNR-Prefix.pch"; sourceTree = "<group>"; };
		5D5D3A3815500098001E3E5D /* AppDelegate.h */ = {isa = PBXFileReference; lastKnownFileType = sourcecode.c.h; path = AppDelegate.h; sourceTree = "<group>"; };
		5D5D3A3915500098001E3E5D /* AppDelegate.m */ = {isa = PBXFileReference; lastKnownFileType = sourcecode.c.objc; path = AppDelegate.m; sourceTree = "<group>"; };
		5D5D3A6115500183001E3E5D /* fr */ = {isa = PBXFileReference; lastKnownFileType = text.plist.strings; name = fr; path = fr.lproj/InfoPlist.strings; sourceTree = "<group>"; };
		5D5D3A711550078F001E3E5D /* HomeButton.png */ = {isa = PBXFileReference; lastKnownFileType = image.png; name = HomeButton.png; path = ../../imgs/HomeButton.png; sourceTree = "<group>"; };
		5D5D3A7A15500B10001E3E5D /* TabBarController.h */ = {isa = PBXFileReference; fileEncoding = 4; lastKnownFileType = sourcecode.c.h; path = TabBarController.h; sourceTree = "<group>"; };
		5D5D3A7B15500B10001E3E5D /* TabBarController.m */ = {isa = PBXFileReference; fileEncoding = 4; lastKnownFileType = sourcecode.c.objc; path = TabBarController.m; sourceTree = "<group>"; };
		5D5D3A8D15501CFC001E3E5D /* HomeViewController.h */ = {isa = PBXFileReference; fileEncoding = 4; lastKnownFileType = sourcecode.c.h; path = HomeViewController.h; sourceTree = "<group>"; };
		5D5D3A8E15501CFC001E3E5D /* HomeViewController.m */ = {isa = PBXFileReference; fileEncoding = 4; lastKnownFileType = sourcecode.c.objc; path = HomeViewController.m; sourceTree = "<group>"; };
		5D5D3A8F15501CFC001E3E5D /* HomeViewController.xib */ = {isa = PBXFileReference; fileEncoding = 4; lastKnownFileType = file.xib; path = HomeViewController.xib; sourceTree = "<group>"; };
		5D5D3A9415501D53001E3E5D /* RSS.png */ = {isa = PBXFileReference; lastKnownFileType = image.png; name = RSS.png; path = ../../imgs/RSS.png; sourceTree = "<group>"; };
		5D5D3A9815501DB5001E3E5D /* LaCNR.png */ = {isa = PBXFileReference; lastKnownFileType = image.png; name = LaCNR.png; path = ../../imgs/LaCNR.png; sourceTree = "<group>"; };
		5D5D3A9A1550252E001E3E5D /* HomeButton@2x.png */ = {isa = PBXFileReference; lastKnownFileType = image.png; name = "HomeButton@2x.png"; path = "../../imgs/HomeButton@2x.png"; sourceTree = "<group>"; };
		5D5D3A9C15502D2A001E3E5D /* ActualiteViewController.h */ = {isa = PBXFileReference; fileEncoding = 4; lastKnownFileType = sourcecode.c.h; path = ActualiteViewController.h; sourceTree = "<group>"; };
		5D5D3A9D15502D2B001E3E5D /* ActualiteViewController.m */ = {isa = PBXFileReference; fileEncoding = 4; lastKnownFileType = sourcecode.c.objc; path = ActualiteViewController.m; sourceTree = "<group>"; };
		5D5D3A9F15502E17001E3E5D /* RSS@2x.png */ = {isa = PBXFileReference; lastKnownFileType = image.png; name = "RSS@2x.png"; path = "../../imgs/RSS@2x.png"; sourceTree = "<group>"; };
		5D5D3AAF155050F8001E3E5D /* ProgramationViewController.h */ = {isa = PBXFileReference; fileEncoding = 4; lastKnownFileType = sourcecode.c.h; path = ProgramationViewController.h; sourceTree = "<group>"; };
		5D5D3AB0155050F8001E3E5D /* ProgramationViewController.m */ = {isa = PBXFileReference; fileEncoding = 4; lastKnownFileType = sourcecode.c.objc; path = ProgramationViewController.m; sourceTree = "<group>"; };
		5D5D3AC515506CA9001E3E5D /* programation.png */ = {isa = PBXFileReference; lastKnownFileType = image.png; name = programation.png; path = ../../imgs/programation.png; sourceTree = "<group>"; };
		5D5D3ACB15506FC0001E3E5D /* PresentationViewController.h */ = {isa = PBXFileReference; fileEncoding = 4; lastKnownFileType = sourcecode.c.h; path = PresentationViewController.h; sourceTree = "<group>"; };
		5D5D3ACC15506FC0001E3E5D /* PresentationViewController.m */ = {isa = PBXFileReference; fileEncoding = 4; lastKnownFileType = sourcecode.c.objc; path = PresentationViewController.m; sourceTree = "<group>"; };
		5D5D3ACE1550723C001E3E5D /* Presentation.png */ = {isa = PBXFileReference; lastKnownFileType = image.png; name = Presentation.png; path = ../../imgs/Presentation.png; sourceTree = "<group>"; };
		5D5D3ACF1550723C001E3E5D /* Presentation@2x.png */ = {isa = PBXFileReference; lastKnownFileType = image.png; name = "Presentation@2x.png"; path = "../../imgs/Presentation@2x.png"; sourceTree = "<group>"; };
		5D5D3AD215507D6B001E3E5D /* facebook-logo.png */ = {isa = PBXFileReference; lastKnownFileType = image.png; name = "facebook-logo.png"; path = "../../imgs/facebook-logo.png"; sourceTree = "<group>"; };
		5D5D3AD315507D6B001E3E5D /* twitter-logo.jpg */ = {isa = PBXFileReference; lastKnownFileType = image.jpeg; name = "twitter-logo.jpg"; path = "../../imgs/twitter-logo.jpg"; sourceTree = "<group>"; };
		5D5D3AD6155084F7001E3E5D /* BGTabBar.png */ = {isa = PBXFileReference; lastKnownFileType = image.png; name = BGTabBar.png; path = ../../imgs/BGTabBar.png; sourceTree = "<group>"; };
		5D5D3AD7155084F7001E3E5D /* BGTabBar@2x.png */ = {isa = PBXFileReference; lastKnownFileType = image.png; name = "BGTabBar@2x.png"; path = "../../imgs/BGTabBar@2x.png"; sourceTree = "<group>"; };
		5DE7911015511D5900A181BD /* presentation.html */ = {isa = PBXFileReference; fileEncoding = 4; lastKnownFileType = text.html; path = presentation.html; sourceTree = "<group>"; };
		5DE7911615512BB100A181BD /* logo_atalante.png */ = {isa = PBXFileReference; lastKnownFileType = image.png; name = logo_atalante.png; path = ../../imgs/logo_atalante.png; sourceTree = "<group>"; };
		5DE7911715512BB100A181BD /* logo_Bug.png */ = {isa = PBXFileReference; lastKnownFileType = image.png; name = logo_Bug.png; path = ../../imgs/logo_Bug.png; sourceTree = "<group>"; };
		5DE7911815512BB100A181BD /* logo_ESC.png */ = {isa = PBXFileReference; lastKnownFileType = image.png; name = logo_ESC.png; path = ../../imgs/logo_ESC.png; sourceTree = "<group>"; };
		5DE7911915512BB100A181BD /* logo_Granit.png */ = {isa = PBXFileReference; lastKnownFileType = image.png; name = logo_Granit.png; path = ../../imgs/logo_Granit.png; sourceTree = "<group>"; };
		5DE7911A15512BB100A181BD /* logo_ir.png */ = {isa = PBXFileReference; lastKnownFileType = image.png; name = logo_ir.png; path = ../../imgs/logo_ir.png; sourceTree = "<group>"; };
		5DE7911B15512BB100A181BD /* logo_marsouin.png */ = {isa = PBXFileReference; lastKnownFileType = image.png; name = logo_marsouin.png; path = ../../imgs/logo_marsouin.png; sourceTree = "<group>"; };
		5DE7911C15512BB100A181BD /* logo_Meito.png */ = {isa = PBXFileReference; lastKnownFileType = image.png; name = logo_Meito.png; path = ../../imgs/logo_Meito.png; sourceTree = "<group>"; };
		5DE7911D15512BB100A181BD /* logo_saga.png */ = {isa = PBXFileReference; lastKnownFileType = image.png; name = logo_saga.png; path = ../../imgs/logo_saga.png; sourceTree = "<group>"; };
		5DE7911E15512BB100A181BD /* logo_web2rennes.png */ = {isa = PBXFileReference; lastKnownFileType = image.png; name = logo_web2rennes.png; path = ../../imgs/logo_web2rennes.png; sourceTree = "<group>"; };
		5DE791281551352900A181BD /* programation@2x.png */ = {isa = PBXFileReference; lastKnownFileType = image.png; name = "programation@2x.png"; path = "../../imgs/programation@2x.png"; sourceTree = "<group>"; };
		5DE7912C15513A5400A181BD /* ArticleDetailViewController.h */ = {isa = PBXFileReference; fileEncoding = 4; lastKnownFileType = sourcecode.c.h; path = ArticleDetailViewController.h; sourceTree = "<group>"; };
		5DE7912D15513A5400A181BD /* ArticleDetailViewController.m */ = {isa = PBXFileReference; fileEncoding = 4; lastKnownFileType = sourcecode.c.objc; path = ArticleDetailViewController.m; sourceTree = "<group>"; };
		5DE7912E15513A5400A181BD /* ArticleDetailViewController.xib */ = {isa = PBXFileReference; fileEncoding = 4; lastKnownFileType = file.xib; path = ArticleDetailViewController.xib; sourceTree = "<group>"; };
		5DE7913115513EDB00A181BD /* NavigationController.h */ = {isa = PBXFileReference; fileEncoding = 4; lastKnownFileType = sourcecode.c.h; path = NavigationController.h; sourceTree = "<group>"; };
		5DE7913215513EDB00A181BD /* NavigationController.m */ = {isa = PBXFileReference; fileEncoding = 4; lastKnownFileType = sourcecode.c.objc; path = NavigationController.m; sourceTree = "<group>"; };
		5DE791341551487800A181BD /* NavigationBar.h */ = {isa = PBXFileReference; fileEncoding = 4; lastKnownFileType = sourcecode.c.h; path = NavigationBar.h; sourceTree = "<group>"; };
		5DE791351551487800A181BD /* NavigationBar.m */ = {isa = PBXFileReference; fileEncoding = 4; lastKnownFileType = sourcecode.c.objc; path = NavigationBar.m; sourceTree = "<group>"; };
		7A7033051550803C00804C31 /* Event.h */ = {isa = PBXFileReference; fileEncoding = 4; lastKnownFileType = sourcecode.c.h; path = Event.h; sourceTree = "<group>"; };
		7A7033061550803C00804C31 /* Event.m */ = {isa = PBXFileReference; fileEncoding = 4; lastKnownFileType = sourcecode.c.objc; path = Event.m; sourceTree = "<group>"; };
		7A7033071550803C00804C31 /* EventRepository.h */ = {isa = PBXFileReference; fileEncoding = 4; lastKnownFileType = sourcecode.c.h; path = EventRepository.h; sourceTree = "<group>"; };
		7A7033081550803C00804C31 /* EventRepository.m */ = {isa = PBXFileReference; fileEncoding = 4; lastKnownFileType = sourcecode.c.objc; path = EventRepository.m; sourceTree = "<group>"; };
/* End PBXFileReference section */

/* Begin PBXFrameworksBuildPhase section */
		5D5D3A2215500098001E3E5D /* Frameworks */ = {
			isa = PBXFrameworksBuildPhase;
			buildActionMask = 2147483647;
			files = (
				5D42C75915533B0000B2783B /* MessageUI.framework in Frameworks */,
				5D42C7561553392D00B2783B /* Twitter.framework in Frameworks */,
				5D5D3A2A15500098001E3E5D /* UIKit.framework in Frameworks */,
				5D5D3A2C15500098001E3E5D /* Foundation.framework in Frameworks */,
				5D5D3A2E15500098001E3E5D /* CoreGraphics.framework in Frameworks */,
			);
			runOnlyForDeploymentPostprocessing = 0;
		};
/* End PBXFrameworksBuildPhase section */

/* Begin PBXGroup section */
		5D5D3A1A15500098001E3E5D = {
			isa = PBXGroup;
			children = (
				5D5D3A2F15500098001E3E5D /* CNR */,
				5D5D3A2815500098001E3E5D /* Frameworks */,
				5D5D3A2615500098001E3E5D /* Products */,
			);
			sourceTree = "<group>";
		};
		5D5D3A2615500098001E3E5D /* Products */ = {
			isa = PBXGroup;
			children = (
				5D5D3A2515500098001E3E5D /* CNR.app */,
			);
			name = Products;
			sourceTree = "<group>";
		};
		5D5D3A2815500098001E3E5D /* Frameworks */ = {
			isa = PBXGroup;
			children = (
				5D42C75815533B0000B2783B /* MessageUI.framework */,
				5D42C7551553392D00B2783B /* Twitter.framework */,
				5D5D3A2915500098001E3E5D /* UIKit.framework */,
				5D5D3A2B15500098001E3E5D /* Foundation.framework */,
				5D5D3A2D15500098001E3E5D /* CoreGraphics.framework */,
			);
			name = Frameworks;
			sourceTree = "<group>";
		};
		5D5D3A2F15500098001E3E5D /* CNR */ = {
			isa = PBXGroup;
			children = (
				7A7033031550801100804C31 /* Models */,
				5D5D3A3815500098001E3E5D /* AppDelegate.h */,
				5D5D3A3915500098001E3E5D /* AppDelegate.m */,
				5D5D3A7515500979001E3E5D /* ViewControllers */,
				5D5D3A76155009A2001E3E5D /* Helpers */,
				5D5D3A7315500944001E3E5D /* Resources */,
				5D5D3A3015500098001E3E5D /* Supporting Files */,
				5D5D3A6015500182001E3E5D /* InfoPlist.strings */,
			);
			path = CNR;
			sourceTree = "<group>";
		};
		5D5D3A3015500098001E3E5D /* Supporting Files */ = {
			isa = PBXGroup;
			children = (
				5D5D3A3115500098001E3E5D /* CNR-Info.plist */,
				5D5D3A3515500098001E3E5D /* main.m */,
				5D5D3A3715500098001E3E5D /* CNR-Prefix.pch */,
			);
			name = "Supporting Files";
			sourceTree = "<group>";
		};
		5D5D3A7315500944001E3E5D /* Resources */ = {
			isa = PBXGroup;
			children = (
				5DE791281551352900A181BD /* programation@2x.png */,
				5DE7911615512BB100A181BD /* logo_atalante.png */,
				5DE7911715512BB100A181BD /* logo_Bug.png */,
				5DE7911815512BB100A181BD /* logo_ESC.png */,
				5DE7911915512BB100A181BD /* logo_Granit.png */,
				5DE7911A15512BB100A181BD /* logo_ir.png */,
				5DE7911B15512BB100A181BD /* logo_marsouin.png */,
				5DE7911C15512BB100A181BD /* logo_Meito.png */,
				5DE7911D15512BB100A181BD /* logo_saga.png */,
				5DE7911E15512BB100A181BD /* logo_web2rennes.png */,
				5D5D3AD6155084F7001E3E5D /* BGTabBar.png */,
				5D5D3AD7155084F7001E3E5D /* BGTabBar@2x.png */,
				5D5D3AD215507D6B001E3E5D /* facebook-logo.png */,
				5D5D3AD315507D6B001E3E5D /* twitter-logo.jpg */,
				5D5D3ACE1550723C001E3E5D /* Presentation.png */,
				5D5D3ACF1550723C001E3E5D /* Presentation@2x.png */,
				5D5D3AC515506CA9001E3E5D /* programation.png */,
				5D5D3A9415501D53001E3E5D /* RSS.png */,
				5D5D3A9F15502E17001E3E5D /* RSS@2x.png */,
				5D5D3A711550078F001E3E5D /* HomeButton.png */,
				5D5D3A9A1550252E001E3E5D /* HomeButton@2x.png */,
				5D5D3A9815501DB5001E3E5D /* LaCNR.png */,
				5DE7911015511D5900A181BD /* presentation.html */,
			);
			name = Resources;
			path = ..;
			sourceTree = "<group>";
		};
		5D5D3A7515500979001E3E5D /* ViewControllers */ = {
			isa = PBXGroup;
			children = (
				5DE7912A155139FD00A181BD /* Secondary */,
				5DE7912B15513A0700A181BD /* Primary */,
			);
			name = ViewControllers;
			sourceTree = "<group>";
		};
		5D5D3A76155009A2001E3E5D /* Helpers */ = {
			isa = PBXGroup;
			children = (
				5D5D3A7A15500B10001E3E5D /* TabBarController.h */,
				5D5D3A7B15500B10001E3E5D /* TabBarController.m */,
				5DE7913115513EDB00A181BD /* NavigationController.h */,
				5DE7913215513EDB00A181BD /* NavigationController.m */,
				5DE791341551487800A181BD /* NavigationBar.h */,
				5DE791351551487800A181BD /* NavigationBar.m */,
			);
			name = Helpers;
			sourceTree = "<group>";
		};
		5DE7912A155139FD00A181BD /* Secondary */ = {
			isa = PBXGroup;
			children = (
				5DE7912C15513A5400A181BD /* ArticleDetailViewController.h */,
				5DE7912D15513A5400A181BD /* ArticleDetailViewController.m */,
				5DE7912E15513A5400A181BD /* ArticleDetailViewController.xib */,
				5D42C75A15533C9600B2783B /* EvenementDetailViewControllerViewController.h */,
				5D42C75B15533C9600B2783B /* EvenementDetailViewControllerViewController.m */,
				5D42C75C15533C9600B2783B /* EvenementDetailViewControllerViewController.xib */,
			);
			name = Secondary;
			sourceTree = "<group>";
		};
		5DE7912B15513A0700A181BD /* Primary */ = {
			isa = PBXGroup;
			children = (
				5D5D3A8D15501CFC001E3E5D /* HomeViewController.h */,
				5D5D3A8E15501CFC001E3E5D /* HomeViewController.m */,
				5D5D3A8F15501CFC001E3E5D /* HomeViewController.xib */,
				5D5D3A9C15502D2A001E3E5D /* ActualiteViewController.h */,
				5D5D3A9D15502D2B001E3E5D /* ActualiteViewController.m */,
				5D5D3AAF155050F8001E3E5D /* ProgramationViewController.h */,
				5D5D3AB0155050F8001E3E5D /* ProgramationViewController.m */,
				5D5D3ACB15506FC0001E3E5D /* PresentationViewController.h */,
				5D5D3ACC15506FC0001E3E5D /* PresentationViewController.m */,
			);
			name = Primary;
			sourceTree = "<group>";
		};
		7A7033031550801100804C31 /* Models */ = {
			isa = PBXGroup;
			children = (
				7A7033051550803C00804C31 /* Event.h */,
				7A7033061550803C00804C31 /* Event.m */,
				7A7033071550803C00804C31 /* EventRepository.h */,
				7A7033081550803C00804C31 /* EventRepository.m */,
			);
			name = Models;
			sourceTree = "<group>";
		};
/* End PBXGroup section */

/* Begin PBXNativeTarget section */
		5D5D3A2415500098001E3E5D /* CNR */ = {
			isa = PBXNativeTarget;
			buildConfigurationList = 5D5D3A5115500098001E3E5D /* Build configuration list for PBXNativeTarget "CNR" */;
			buildPhases = (
				5D5D3A2115500098001E3E5D /* Sources */,
				5D5D3A2215500098001E3E5D /* Frameworks */,
				5D5D3A2315500098001E3E5D /* Resources */,
			);
			buildRules = (
			);
			dependencies = (
			);
			name = CNR;
			productName = CNR;
			productReference = 5D5D3A2515500098001E3E5D /* CNR.app */;
			productType = "com.apple.product-type.application";
		};
/* End PBXNativeTarget section */

/* Begin PBXProject section */
		5D5D3A1C15500098001E3E5D /* Project object */ = {
			isa = PBXProject;
			attributes = {
				LastUpgradeCheck = 0430;
				ORGANIZATIONNAME = Supinfo;
			};
			buildConfigurationList = 5D5D3A1F15500098001E3E5D /* Build configuration list for PBXProject "CNR" */;
			compatibilityVersion = "Xcode 3.2";
			developmentRegion = English;
			hasScannedForEncodings = 0;
			knownRegions = (
				en,
				fr,
			);
			mainGroup = 5D5D3A1A15500098001E3E5D;
			productRefGroup = 5D5D3A2615500098001E3E5D /* Products */;
			projectDirPath = "";
			projectRoot = "";
			targets = (
				5D5D3A2415500098001E3E5D /* CNR */,
			);
		};
/* End PBXProject section */

/* Begin PBXResourcesBuildPhase section */
		5D5D3A2315500098001E3E5D /* Resources */ = {
			isa = PBXResourcesBuildPhase;
			buildActionMask = 2147483647;
			files = (
				5D5D3A6515500183001E3E5D /* InfoPlist.strings in Resources */,
				5D5D3A721550078F001E3E5D /* HomeButton.png in Resources */,
				5D5D3A9115501CFC001E3E5D /* HomeViewController.xib in Resources */,
				5D5D3A9715501D53001E3E5D /* RSS.png in Resources */,
				5D5D3A9915501DB5001E3E5D /* LaCNR.png in Resources */,
				5D5D3A9B1550252E001E3E5D /* HomeButton@2x.png in Resources */,
				5D5D3AA015502E17001E3E5D /* RSS@2x.png in Resources */,
				5D5D3AC915506CA9001E3E5D /* programation.png in Resources */,
				5D5D3AD01550723C001E3E5D /* Presentation.png in Resources */,
				5D5D3AD11550723C001E3E5D /* Presentation@2x.png in Resources */,
				5D5D3AD415507D6B001E3E5D /* facebook-logo.png in Resources */,
				5D5D3AD515507D6B001E3E5D /* twitter-logo.jpg in Resources */,
				5D5D3AD8155084F7001E3E5D /* BGTabBar.png in Resources */,
				5D5D3AD9155084F7001E3E5D /* BGTabBar@2x.png in Resources */,
				5DE7911115511D5900A181BD /* presentation.html in Resources */,
				5DE7911F15512BB100A181BD /* logo_atalante.png in Resources */,
				5DE7912015512BB100A181BD /* logo_Bug.png in Resources */,
				5DE7912115512BB100A181BD /* logo_ESC.png in Resources */,
				5DE7912215512BB100A181BD /* logo_Granit.png in Resources */,
				5DE7912315512BB100A181BD /* logo_ir.png in Resources */,
				5DE7912415512BB100A181BD /* logo_marsouin.png in Resources */,
				5DE7912515512BB100A181BD /* logo_Meito.png in Resources */,
				5DE7912615512BB100A181BD /* logo_saga.png in Resources */,
				5DE7912715512BB100A181BD /* logo_web2rennes.png in Resources */,
				5DE791291551352900A181BD /* programation@2x.png in Resources */,
				5DE7913015513A5400A181BD /* ArticleDetailViewController.xib in Resources */,
				5D42C75E15533C9600B2783B /* EvenementDetailViewControllerViewController.xib in Resources */,
			);
			runOnlyForDeploymentPostprocessing = 0;
		};
/* End PBXResourcesBuildPhase section */

/* Begin PBXSourcesBuildPhase section */
		5D5D3A2115500098001E3E5D /* Sources */ = {
			isa = PBXSourcesBuildPhase;
			buildActionMask = 2147483647;
			files = (
				5D5D3A3615500098001E3E5D /* main.m in Sources */,
				5D5D3A3A15500098001E3E5D /* AppDelegate.m in Sources */,
				5D5D3A7C15500B10001E3E5D /* TabBarController.m in Sources */,
				5D5D3A9015501CFC001E3E5D /* HomeViewController.m in Sources */,
				5D5D3A9E15502D2B001E3E5D /* ActualiteViewController.m in Sources */,
				5D5D3AB1155050F8001E3E5D /* ProgramationViewController.m in Sources */,
				5D5D3ACD15506FC1001E3E5D /* PresentationViewController.m in Sources */,
				7A7033091550803C00804C31 /* Event.m in Sources */,
				7A70330A1550803C00804C31 /* EventRepository.m in Sources */,
				5DE7912F15513A5400A181BD /* ArticleDetailViewController.m in Sources */,
				5DE7913315513EDB00A181BD /* NavigationController.m in Sources */,
				5DE791361551487800A181BD /* NavigationBar.m in Sources */,
				5D42C75D15533C9600B2783B /* EvenementDetailViewControllerViewController.m in Sources */,
			);
			runOnlyForDeploymentPostprocessing = 0;
		};
/* End PBXSourcesBuildPhase section */

/* Begin PBXVariantGroup section */
		5D5D3A6015500182001E3E5D /* InfoPlist.strings */ = {
			isa = PBXVariantGroup;
			children = (
				5D5D3A6115500183001E3E5D /* fr */,
			);
			name = InfoPlist.strings;
			sourceTree = "<group>";
		};
/* End PBXVariantGroup section */

/* Begin XCBuildConfiguration section */
		5D5D3A4F15500098001E3E5D /* Debug */ = {
			isa = XCBuildConfiguration;
			buildSettings = {
				ALWAYS_SEARCH_USER_PATHS = NO;
				ARCHS = "$(ARCHS_STANDARD_32_BIT)";
				CLANG_ENABLE_OBJC_ARC = YES;
				CODE_SIGN_IDENTITY = "iPhone Developer: Audefroy Marc (AM285RK755)";
				"CODE_SIGN_IDENTITY[sdk=iphoneos*]" = "iPhone Developer";
				COPY_PHASE_STRIP = NO;
				GCC_C_LANGUAGE_STANDARD = gnu99;
				GCC_DYNAMIC_NO_PIC = NO;
				GCC_OPTIMIZATION_LEVEL = 0;
				GCC_PREPROCESSOR_DEFINITIONS = (
					"DEBUG=1",
					"$(inherited)",
				);
				GCC_SYMBOLS_PRIVATE_EXTERN = NO;
				GCC_VERSION = com.apple.compilers.llvm.clang.1_0;
				GCC_WARN_ABOUT_RETURN_TYPE = YES;
				GCC_WARN_UNINITIALIZED_AUTOS = YES;
				GCC_WARN_UNUSED_VARIABLE = YES;
				IPHONEOS_DEPLOYMENT_TARGET = 4.0;
				PROVISIONING_PROFILE = "68E7A752-2BD0-4ED8-8090-4B766D79365C";
				SDKROOT = iphoneos;
			};
			name = Debug;
		};
		5D5D3A5015500098001E3E5D /* Release */ = {
			isa = XCBuildConfiguration;
			buildSettings = {
				ALWAYS_SEARCH_USER_PATHS = NO;
				ARCHS = "$(ARCHS_STANDARD_32_BIT)";
				CLANG_ENABLE_OBJC_ARC = YES;
				CODE_SIGN_IDENTITY = "iPhone Developer: Audefroy Marc (AM285RK755)";
				"CODE_SIGN_IDENTITY[sdk=iphoneos*]" = "iPhone Developer";
				COPY_PHASE_STRIP = YES;
				GCC_C_LANGUAGE_STANDARD = gnu99;
				GCC_VERSION = com.apple.compilers.llvm.clang.1_0;
				GCC_WARN_ABOUT_RETURN_TYPE = YES;
				GCC_WARN_UNINITIALIZED_AUTOS = YES;
				GCC_WARN_UNUSED_VARIABLE = YES;
				IPHONEOS_DEPLOYMENT_TARGET = 4.0;
				OTHER_CFLAGS = "-DNS_BLOCK_ASSERTIONS=1";
				PROVISIONING_PROFILE = "68E7A752-2BD0-4ED8-8090-4B766D79365C";
				SDKROOT = iphoneos;
				VALIDATE_PRODUCT = YES;
			};
			name = Release;
		};
		5D5D3A5215500098001E3E5D /* Debug */ = {
			isa = XCBuildConfiguration;
			buildSettings = {
				GCC_PRECOMPILE_PREFIX_HEADER = YES;
				GCC_PREFIX_HEADER = "CNR/CNR-Prefix.pch";
				INFOPLIST_FILE = "CNR/CNR-Info.plist";
				IPHONEOS_DEPLOYMENT_TARGET = 4.0;
				PRODUCT_NAME = "$(TARGET_NAME)";
				WRAPPER_EXTENSION = app;
			};
			name = Debug;
		};
		5D5D3A5315500098001E3E5D /* Release */ = {
			isa = XCBuildConfiguration;
			buildSettings = {
				GCC_PRECOMPILE_PREFIX_HEADER = YES;
				GCC_PREFIX_HEADER = "CNR/CNR-Prefix.pch";
				INFOPLIST_FILE = "CNR/CNR-Info.plist";
				IPHONEOS_DEPLOYMENT_TARGET = 4.0;
				PRODUCT_NAME = "$(TARGET_NAME)";
				WRAPPER_EXTENSION = app;
			};
			name = Release;
		};
/* End XCBuildConfiguration section */

/* Begin XCConfigurationList section */
		5D5D3A1F15500098001E3E5D /* Build configuration list for PBXProject "CNR" */ = {
			isa = XCConfigurationList;
			buildConfigurations = (
				5D5D3A4F15500098001E3E5D /* Debug */,
				5D5D3A5015500098001E3E5D /* Release */,
			);
			defaultConfigurationIsVisible = 0;
			defaultConfigurationName = Release;
		};
		5D5D3A5115500098001E3E5D /* Build configuration list for PBXNativeTarget "CNR" */ = {
			isa = XCConfigurationList;
			buildConfigurations = (
				5D5D3A5215500098001E3E5D /* Debug */,
				5D5D3A5315500098001E3E5D /* Release */,
			);
			defaultConfigurationIsVisible = 0;
			defaultConfigurationName = Release;
		};
/* End XCConfigurationList section */
	};
	rootObject = 5D5D3A1C15500098001E3E5D /* Project object */;
}
